
Microsoft Visual Studio Solution File, Format Version 12.00
# Visual Studio Version 17
VisualStudioVersion = 17.10.35013.160
MinimumVisualStudioVersion = 10.0.40219.1
Project("{8BC9CEB8-8B4A-11D0-8D11-00A0C91BC942}") = "TypeErasure", "TypeErasure\TypeErasure.vcxproj", "{F981BE9A-8E92-459D-B153-E97BB57089DA}"
EndProject
Global
	GlobalSection(SolutionConfigurationPlatforms) = preSolution
		Debug|x64 = Debug|x64
		Debug|x86 = Debug|x86
		Release|x64 = Release|x64
		Release|x86 = Release|x86
	EndGlobalSection
	GlobalSection(ProjectConfigurationPlatforms) = postSolution
		{F981BE9A-8E92-459D-B153-E97BB57089DA}.Debug|x64.ActiveCfg = Debug|x64
		{F981BE9A-8E92-459D-B153-E97BB57089DA}.Debug|x64.Build.0 = Debug|x64
		{F981BE9A-8E92-459D-B153-E97BB57089DA}.Debug|x86.ActiveCfg = Debug|Win32
		{F981BE9A-8E92-459D-B153-E97BB57089DA}.Debug|x86.Build.0 = Debug|Win32
		{F981BE9A-8E92-459D-B153-E97BB57089DA}.Release|x64.ActiveCfg = Release|x64
		{F981BE9A-8E92-459D-B153-E97BB57089DA}.Release|x64.Build.0 = Release|x64
		{F981BE9A-8E92-459D-B153-E97BB57089DA}.Release|x86.ActiveCfg = Release|Win32
		{F981BE9A-8E92-459D-B153-E97BB57089DA}.Release|x86.Build.0 = Release|Win32
	EndGlobalSection
	GlobalSection(SolutionProperties) = preSolution
		HideSolutionNode = FALSE
	EndGlobalSection
	GlobalSection(ExtensibilityGlobals) = postSolution
		SolutionGuid = {58D5547B-9CBE-43EC-B7A7-97E343BEA035}
	EndGlobalSection
EndGlobal
